// !$*UTF8*$!
{
	archiveVersion = 1;
	classes = {
	};
	objectVersion = 46;
	objects = {

/* Begin PBXBuildFile section */
		BE07C368151DC8CA00CAE177 /* ImageLoader.m in Sources */ = {isa = PBXBuildFile; fileRef = BE07C367151DC8CA00CAE177 /* ImageLoader.m */; };
		BE07C373151DDEC500CAE177 /* SDURLCache.m in Sources */ = {isa = PBXBuildFile; fileRef = BE07C372151DDEC500CAE177 /* SDURLCache.m */; };
		BE19C3EB15038F6200AAEE5E /* DetailViewController.m in Sources */ = {isa = PBXBuildFile; fileRef = BE19C3EA15038F6200AAEE5E /* DetailViewController.m */; };
		BE1C7F7A14F137E800E460AC /* BadgesViewController.m in Sources */ = {isa = PBXBuildFile; fileRef = BE1C7F7914F137E800E460AC /* BadgesViewController.m */; };
		BE1C7F8114F17C1B00E460AC /* BadgeCell.m in Sources */ = {isa = PBXBuildFile; fileRef = BE1C7F8014F17C1B00E460AC /* BadgeCell.m */; };
		BE23DF0B1509786C00A149C8 /* defaultavatar.png in Resources */ = {isa = PBXBuildFile; fileRef = BE23DF0A1509786C00A149C8 /* defaultavatar.png */; };
		BE546A571501694B00B9A200 /* app-icon-ipad.png in Resources */ = {isa = PBXBuildFile; fileRef = BE546A561501694B00B9A200 /* app-icon-ipad.png */; };
		BE546A5E150193DC00B9A200 /* TableBottomBg@2x.png in Resources */ = {isa = PBXBuildFile; fileRef = BE546A5B150193DC00B9A200 /* TableBottomBg@2x.png */; };
		BE546A5F150193DC00B9A200 /* TableMiddleBg@2x.png in Resources */ = {isa = PBXBuildFile; fileRef = BE546A5C150193DC00B9A200 /* TableMiddleBg@2x.png */; };
		BE546A60150193DC00B9A200 /* TableTopBg@2x.png in Resources */ = {isa = PBXBuildFile; fileRef = BE546A5D150193DC00B9A200 /* TableTopBg@2x.png */; };
		BE546A631501967900B9A200 /* BadgesiPadViewController.m in Sources */ = {isa = PBXBuildFile; fileRef = BE546A621501967800B9A200 /* BadgesiPadViewController.m */; };
		BE546A6615019A3D00B9A200 /* iPadBadgeCell.m in Sources */ = {isa = PBXBuildFile; fileRef = BE546A6515019A3D00B9A200 /* iPadBadgeCell.m */; };
		BE546A6815019F8F00B9A200 /* iPadBadgeBg.png in Resources */ = {isa = PBXBuildFile; fileRef = BE546A6715019F8F00B9A200 /* iPadBadgeBg.png */; };
		BE546A6A15019FA000B9A200 /* PanelBg@2x.png in Resources */ = {isa = PBXBuildFile; fileRef = BE546A6915019FA000B9A200 /* PanelBg@2x.png */; };
		BE546A6D15028AE900B9A200 /* SummaryViewController.m in Sources */ = {isa = PBXBuildFile; fileRef = BE546A6C15028AE900B9A200 /* SummaryViewController.m */; };
		BE546A7015028B7800B9A200 /* ProfileCell.m in Sources */ = {isa = PBXBuildFile; fileRef = BE546A6F15028B7800B9A200 /* ProfileCell.m */; };
		BE546A731502E81600B9A200 /* iPadAccomplishmentCell.m in Sources */ = {isa = PBXBuildFile; fileRef = BE546A721502E81500B9A200 /* iPadAccomplishmentCell.m */; };
		BE546A761502E96700B9A200 /* AccomplishmentsiPadViewController.m in Sources */ = {isa = PBXBuildFile; fileRef = BE546A751502E96600B9A200 /* AccomplishmentsiPadViewController.m */; };
		BE5663C914F19C37002BC157 /* TableBottomBg.png in Resources */ = {isa = PBXBuildFile; fileRef = BE5663C614F19C37002BC157 /* TableBottomBg.png */; };
		BE5663CA14F19C37002BC157 /* TableMiddleBg.png in Resources */ = {isa = PBXBuildFile; fileRef = BE5663C714F19C37002BC157 /* TableMiddleBg.png */; };
		BE5663CB14F19C37002BC157 /* TableTopBg.png in Resources */ = {isa = PBXBuildFile; fileRef = BE5663C814F19C37002BC157 /* TableTopBg.png */; };
		BE5663CE14F1AF7C002BC157 /* PanelBg.png in Resources */ = {isa = PBXBuildFile; fileRef = BE5663CD14F1AF7C002BC157 /* PanelBg.png */; };
		BE5663D414F1B92E002BC157 /* profile.png in Resources */ = {isa = PBXBuildFile; fileRef = BE5663D514F1B92E002BC157 /* profile.png */; };
		BE5663D714F1BB02002BC157 /* profile@2x.png in Resources */ = {isa = PBXBuildFile; fileRef = BE5663D614F1BB02002BC157 /* profile@2x.png */; };
		BE5663DE14F1BD43002BC157 /* accomplishments.png in Resources */ = {isa = PBXBuildFile; fileRef = BE5663D814F1BD43002BC157 /* accomplishments.png */; };
		BE5663DF14F1BD43002BC157 /* accomplishments@2x.png in Resources */ = {isa = PBXBuildFile; fileRef = BE5663D914F1BD43002BC157 /* accomplishments@2x.png */; };
		BE5663E014F1BD43002BC157 /* badges.png in Resources */ = {isa = PBXBuildFile; fileRef = BE5663DA14F1BD43002BC157 /* badges.png */; };
		BE5663E114F1BD43002BC157 /* badges@2x.png in Resources */ = {isa = PBXBuildFile; fileRef = BE5663DB14F1BD43002BC157 /* badges@2x.png */; };
		BE5663E214F1BD43002BC157 /* stats.png in Resources */ = {isa = PBXBuildFile; fileRef = BE5663DC14F1BD43002BC157 /* stats.png */; };
		BE5663E314F1BD43002BC157 /* stats@2x.png in Resources */ = {isa = PBXBuildFile; fileRef = BE5663DD14F1BD43002BC157 /* stats@2x.png */; };
		BE5663E714F2D5E8002BC157 /* AccomplishmentsViewController.m in Sources */ = {isa = PBXBuildFile; fileRef = BE5663E614F2D5E8002BC157 /* AccomplishmentsViewController.m */; };
		BE5663EA14F2E856002BC157 /* AccomplishmentsCell.m in Sources */ = {isa = PBXBuildFile; fileRef = BE5663E914F2E856002BC157 /* AccomplishmentsCell.m */; };
		BE60B66A14EFA64100CF7151 /* UIKit.framework in Frameworks */ = {isa = PBXBuildFile; fileRef = BE60B66914EFA64100CF7151 /* UIKit.framework */; };
		BE60B66C14EFA64100CF7151 /* Foundation.framework in Frameworks */ = {isa = PBXBuildFile; fileRef = BE60B66B14EFA64100CF7151 /* Foundation.framework */; };
		BE60B66E14EFA64100CF7151 /* CoreGraphics.framework in Frameworks */ = {isa = PBXBuildFile; fileRef = BE60B66D14EFA64100CF7151 /* CoreGraphics.framework */; };
		BE60B67414EFA64100CF7151 /* InfoPlist.strings in Resources */ = {isa = PBXBuildFile; fileRef = BE60B67214EFA64100CF7151 /* InfoPlist.strings */; };
		BE60B67614EFA64100CF7151 /* main.m in Sources */ = {isa = PBXBuildFile; fileRef = BE60B67514EFA64100CF7151 /* main.m */; };
		BE60B67A14EFA64100CF7151 /* AppDelegate.m in Sources */ = {isa = PBXBuildFile; fileRef = BE60B67914EFA64100CF7151 /* AppDelegate.m */; };
		BE60B67D14EFA64100CF7151 /* MainStoryboard_iPhone.storyboard in Resources */ = {isa = PBXBuildFile; fileRef = BE60B67B14EFA64100CF7151 /* MainStoryboard_iPhone.storyboard */; };
		BE60B68014EFA64100CF7151 /* MainStoryboard_iPad.storyboard in Resources */ = {isa = PBXBuildFile; fileRef = BE60B67E14EFA64100CF7151 /* MainStoryboard_iPad.storyboard */; };
		BE60B68E14EFA64100CF7151 /* SenTestingKit.framework in Frameworks */ = {isa = PBXBuildFile; fileRef = BE60B68D14EFA64100CF7151 /* SenTestingKit.framework */; };
		BE60B68F14EFA64100CF7151 /* UIKit.framework in Frameworks */ = {isa = PBXBuildFile; fileRef = BE60B66914EFA64100CF7151 /* UIKit.framework */; };
		BE60B69014EFA64100CF7151 /* Foundation.framework in Frameworks */ = {isa = PBXBuildFile; fileRef = BE60B66B14EFA64100CF7151 /* Foundation.framework */; };
		BE60B69814EFA64100CF7151 /* InfoPlist.strings in Resources */ = {isa = PBXBuildFile; fileRef = BE60B69614EFA64100CF7151 /* InfoPlist.strings */; };
		BE60B69B14EFA64100CF7151 /* CoderwallTests.m in Sources */ = {isa = PBXBuildFile; fileRef = BE60B69A14EFA64100CF7151 /* CoderwallTests.m */; };
		BE60B6A614EFB09100CF7151 /* ProfileViewController.m in Sources */ = {isa = PBXBuildFile; fileRef = BE60B6A514EFB09100CF7151 /* ProfileViewController.m */; };
		BE60B6AC14EFB0FD00CF7151 /* User.m in Sources */ = {isa = PBXBuildFile; fileRef = BE60B6AB14EFB0FD00CF7151 /* User.m */; };
		BE60B6C714EFBA9B00CF7151 /* app-icon-retina.png in Resources */ = {isa = PBXBuildFile; fileRef = BE60B6C614EFBA9B00CF7151 /* app-icon-retina.png */; };
		BE60B6C914EFBAA400CF7151 /* app-icon.png in Resources */ = {isa = PBXBuildFile; fileRef = BE60B6C814EFBAA400CF7151 /* app-icon.png */; };
		BE60B6CB14EFBAE700CF7151 /* inset-logo.png in Resources */ = {isa = PBXBuildFile; fileRef = BE60B6CA14EFBAE700CF7151 /* inset-logo.png */; };
		BE60B74814EFBE6000CF7151 /* NSObject+SBJson.m in Sources */ = {isa = PBXBuildFile; fileRef = BE60B73014EFBE6000CF7151 /* NSObject+SBJson.m */; };
		BE60B74914EFBE6000CF7151 /* SBJsonParser.m in Sources */ = {isa = PBXBuildFile; fileRef = BE60B73314EFBE6000CF7151 /* SBJsonParser.m */; };
		BE60B74A14EFBE6000CF7151 /* SBJsonStreamParser.m in Sources */ = {isa = PBXBuildFile; fileRef = BE60B73514EFBE6000CF7151 /* SBJsonStreamParser.m */; };
		BE60B74B14EFBE6000CF7151 /* SBJsonStreamParserAccumulator.m in Sources */ = {isa = PBXBuildFile; fileRef = BE60B73714EFBE6000CF7151 /* SBJsonStreamParserAccumulator.m */; };
		BE60B74C14EFBE6000CF7151 /* SBJsonStreamParserAdapter.m in Sources */ = {isa = PBXBuildFile; fileRef = BE60B73914EFBE6000CF7151 /* SBJsonStreamParserAdapter.m */; };
		BE60B74D14EFBE6000CF7151 /* SBJsonStreamParserState.m in Sources */ = {isa = PBXBuildFile; fileRef = BE60B73B14EFBE6000CF7151 /* SBJsonStreamParserState.m */; };
		BE60B74E14EFBE6000CF7151 /* SBJsonStreamWriter.m in Sources */ = {isa = PBXBuildFile; fileRef = BE60B73D14EFBE6000CF7151 /* SBJsonStreamWriter.m */; };
		BE60B74F14EFBE6000CF7151 /* SBJsonStreamWriterAccumulator.m in Sources */ = {isa = PBXBuildFile; fileRef = BE60B73F14EFBE6000CF7151 /* SBJsonStreamWriterAccumulator.m */; };
		BE60B75014EFBE6000CF7151 /* SBJsonStreamWriterState.m in Sources */ = {isa = PBXBuildFile; fileRef = BE60B74114EFBE6000CF7151 /* SBJsonStreamWriterState.m */; };
		BE60B75114EFBE6000CF7151 /* SBJsonTokeniser.m in Sources */ = {isa = PBXBuildFile; fileRef = BE60B74314EFBE6000CF7151 /* SBJsonTokeniser.m */; };
		BE60B75214EFBE6000CF7151 /* SBJsonUTF8Stream.m in Sources */ = {isa = PBXBuildFile; fileRef = BE60B74514EFBE6000CF7151 /* SBJsonUTF8Stream.m */; };
		BE60B75314EFBE6000CF7151 /* SBJsonWriter.m in Sources */ = {isa = PBXBuildFile; fileRef = BE60B74714EFBE6000CF7151 /* SBJsonWriter.m */; };
		BE60B75614EFC4D500CF7151 /* MasterViewController.m in Sources */ = {isa = PBXBuildFile; fileRef = BE60B75514EFC4D500CF7151 /* MasterViewController.m */; };
		BE73BA1614F8FFAB00220316 /* SettingsViewController.m in Sources */ = {isa = PBXBuildFile; fileRef = BE73BA1514F8FFAB00220316 /* SettingsViewController.m */; };
		BE886C5114F95249003BC113 /* SearchViewController.m in Sources */ = {isa = PBXBuildFile; fileRef = BE886C5014F95249003BC113 /* SearchViewController.m */; };
		BE886C5514F953E0003BC113 /* ClearSearchBar.m in Sources */ = {isa = PBXBuildFile; fileRef = BE886C5414F953E0003BC113 /* ClearSearchBar.m */; };
		BE93581A150403AF0059A620 /* DejalActivityView.m in Sources */ = {isa = PBXBuildFile; fileRef = BE935819150403AF0059A620 /* DejalActivityView.m */; };
		BE9E92F414F417EA00FC3704 /* settings.png in Resources */ = {isa = PBXBuildFile; fileRef = BE9E92F214F417EA00FC3704 /* settings.png */; };
		BE9E92F514F417EA00FC3704 /* settings@2x.png in Resources */ = {isa = PBXBuildFile; fileRef = BE9E92F314F417EA00FC3704 /* settings@2x.png */; };
		BE9E92F914F4195100FC3704 /* search.png in Resources */ = {isa = PBXBuildFile; fileRef = BE9E92F714F4195100FC3704 /* search.png */; };
		BE9E92FA14F4195100FC3704 /* search@2x.png in Resources */ = {isa = PBXBuildFile; fileRef = BE9E92F814F4195100FC3704 /* search@2x.png */; };
		BE9E92FD14F463AF00FC3704 /* StatsViewController.m in Sources */ = {isa = PBXBuildFile; fileRef = BE9E92FC14F463AF00FC3704 /* StatsViewController.m */; };
		BE9E930014F5658500FC3704 /* StatCell.m in Sources */ = {isa = PBXBuildFile; fileRef = BE9E92FF14F5658400FC3704 /* StatCell.m */; };
		BEDD01D11500536A006C4C29 /* SearchResultsViewController.m in Sources */ = {isa = PBXBuildFile; fileRef = BEDD01D015005369006C4C29 /* SearchResultsViewController.m */; };
		BEFC77571513BCEC00C10939 /* QuartzCore.framework in Frameworks */ = {isa = PBXBuildFile; fileRef = BEFC77541513BCDC00C10939 /* QuartzCore.framework */; };
		BEFC77661513BE2000C10939 /* EGORefreshTableHeaderView.m in Sources */ = {isa = PBXBuildFile; fileRef = BEFC775C1513BE2000C10939 /* EGORefreshTableHeaderView.m */; };
		BEFC77671513BE2000C10939 /* blackArrow.png in Resources */ = {isa = PBXBuildFile; fileRef = BEFC775E1513BE2000C10939 /* blackArrow.png */; };
		BEFC77681513BE2000C10939 /* blackArrow@2x.png in Resources */ = {isa = PBXBuildFile; fileRef = BEFC775F1513BE2000C10939 /* blackArrow@2x.png */; };
		BEFC77691513BE2000C10939 /* blueArrow.png in Resources */ = {isa = PBXBuildFile; fileRef = BEFC77601513BE2000C10939 /* blueArrow.png */; };
		BEFC776A1513BE2000C10939 /* blueArrow@2x.png in Resources */ = {isa = PBXBuildFile; fileRef = BEFC77611513BE2000C10939 /* blueArrow@2x.png */; };
		BEFC776B1513BE2000C10939 /* grayArrow.png in Resources */ = {isa = PBXBuildFile; fileRef = BEFC77621513BE2000C10939 /* grayArrow.png */; };
		BEFC776C1513BE2000C10939 /* grayArrow@2x.png in Resources */ = {isa = PBXBuildFile; fileRef = BEFC77631513BE2000C10939 /* grayArrow@2x.png */; };
		BEFC776D1513BE2000C10939 /* whiteArrow.png in Resources */ = {isa = PBXBuildFile; fileRef = BEFC77641513BE2000C10939 /* whiteArrow.png */; };
		BEFC776E1513BE2000C10939 /* whiteArrow@2x.png in Resources */ = {isa = PBXBuildFile; fileRef = BEFC77651513BE2000C10939 /* whiteArrow@2x.png */; };
/* End PBXBuildFile section */

/* Begin PBXContainerItemProxy section */
		BE60B69114EFA64100CF7151 /* PBXContainerItemProxy */ = {
			isa = PBXContainerItemProxy;
			containerPortal = BE60B65C14EFA64000CF7151 /* Project object */;
			proxyType = 1;
			remoteGlobalIDString = BE60B66414EFA64100CF7151;
			remoteInfo = Coderwall;
		};
/* End PBXContainerItemProxy section */

/* Begin PBXFileReference section */
		BE07C366151DC8CA00CAE177 /* ImageLoader.h */ = {isa = PBXFileReference; fileEncoding = 4; lastKnownFileType = sourcecode.c.h; path = ImageLoader.h; sourceTree = "<group>"; };
		BE07C367151DC8CA00CAE177 /* ImageLoader.m */ = {isa = PBXFileReference; fileEncoding = 4; lastKnownFileType = sourcecode.c.objc; path = ImageLoader.m; sourceTree = "<group>"; };
		BE07C370151DDEC500CAE177 /* SDURLCache_Prefix.pch */ = {isa = PBXFileReference; fileEncoding = 4; lastKnownFileType = sourcecode.c.h; path = SDURLCache_Prefix.pch; sourceTree = "<group>"; };
		BE07C371151DDEC500CAE177 /* SDURLCache.h */ = {isa = PBXFileReference; fileEncoding = 4; lastKnownFileType = sourcecode.c.h; path = SDURLCache.h; sourceTree = "<group>"; };
		BE07C372151DDEC500CAE177 /* SDURLCache.m */ = {isa = PBXFileReference; fileEncoding = 4; lastKnownFileType = sourcecode.c.objc; path = SDURLCache.m; sourceTree = "<group>"; };
		BE19C3E915038F6200AAEE5E /* DetailViewController.h */ = {isa = PBXFileReference; fileEncoding = 4; lastKnownFileType = sourcecode.c.h; path = DetailViewController.h; sourceTree = "<group>"; };
		BE19C3EA15038F6200AAEE5E /* DetailViewController.m */ = {isa = PBXFileReference; fileEncoding = 4; lastKnownFileType = sourcecode.c.objc; path = DetailViewController.m; sourceTree = "<group>"; };
		BE1C7F7814F137E800E460AC /* BadgesViewController.h */ = {isa = PBXFileReference; fileEncoding = 4; lastKnownFileType = sourcecode.c.h; path = BadgesViewController.h; sourceTree = "<group>"; };
		BE1C7F7914F137E800E460AC /* BadgesViewController.m */ = {isa = PBXFileReference; fileEncoding = 4; lastKnownFileType = sourcecode.c.objc; path = BadgesViewController.m; sourceTree = "<group>"; };
		BE1C7F7F14F17C1B00E460AC /* BadgeCell.h */ = {isa = PBXFileReference; fileEncoding = 4; lastKnownFileType = sourcecode.c.h; path = BadgeCell.h; sourceTree = "<group>"; };
		BE1C7F8014F17C1B00E460AC /* BadgeCell.m */ = {isa = PBXFileReference; fileEncoding = 4; lastKnownFileType = sourcecode.c.objc; path = BadgeCell.m; sourceTree = "<group>"; };
		BE23DF0A1509786C00A149C8 /* defaultavatar.png */ = {isa = PBXFileReference; lastKnownFileType = image.png; path = defaultavatar.png; sourceTree = "<group>"; };
		BE546A561501694B00B9A200 /* app-icon-ipad.png */ = {isa = PBXFileReference; lastKnownFileType = image.png; path = "app-icon-ipad.png"; sourceTree = "<group>"; };
		BE546A5B150193DC00B9A200 /* TableBottomBg@2x.png */ = {isa = PBXFileReference; lastKnownFileType = image.png; path = "TableBottomBg@2x.png"; sourceTree = "<group>"; };
		BE546A5C150193DC00B9A200 /* TableMiddleBg@2x.png */ = {isa = PBXFileReference; lastKnownFileType = image.png; path = "TableMiddleBg@2x.png"; sourceTree = "<group>"; };
		BE546A5D150193DC00B9A200 /* TableTopBg@2x.png */ = {isa = PBXFileReference; lastKnownFileType = image.png; path = "TableTopBg@2x.png"; sourceTree = "<group>"; };
		BE546A611501967800B9A200 /* BadgesiPadViewController.h */ = {isa = PBXFileReference; fileEncoding = 4; lastKnownFileType = sourcecode.c.h; path = BadgesiPadViewController.h; sourceTree = "<group>"; };
		BE546A621501967800B9A200 /* BadgesiPadViewController.m */ = {isa = PBXFileReference; fileEncoding = 4; lastKnownFileType = sourcecode.c.objc; path = BadgesiPadViewController.m; sourceTree = "<group>"; };
		BE546A6415019A3D00B9A200 /* iPadBadgeCell.h */ = {isa = PBXFileReference; fileEncoding = 4; lastKnownFileType = sourcecode.c.h; path = iPadBadgeCell.h; sourceTree = "<group>"; };
		BE546A6515019A3D00B9A200 /* iPadBadgeCell.m */ = {isa = PBXFileReference; fileEncoding = 4; lastKnownFileType = sourcecode.c.objc; path = iPadBadgeCell.m; sourceTree = "<group>"; };
		BE546A6715019F8F00B9A200 /* iPadBadgeBg.png */ = {isa = PBXFileReference; lastKnownFileType = image.png; path = iPadBadgeBg.png; sourceTree = "<group>"; };
		BE546A6915019FA000B9A200 /* PanelBg@2x.png */ = {isa = PBXFileReference; lastKnownFileType = image.png; path = "PanelBg@2x.png"; sourceTree = "<group>"; };
		BE546A6B15028AE900B9A200 /* SummaryViewController.h */ = {isa = PBXFileReference; fileEncoding = 4; lastKnownFileType = sourcecode.c.h; path = SummaryViewController.h; sourceTree = "<group>"; };
		BE546A6C15028AE900B9A200 /* SummaryViewController.m */ = {isa = PBXFileReference; fileEncoding = 4; lastKnownFileType = sourcecode.c.objc; path = SummaryViewController.m; sourceTree = "<group>"; };
		BE546A6E15028B7800B9A200 /* ProfileCell.h */ = {isa = PBXFileReference; fileEncoding = 4; lastKnownFileType = sourcecode.c.h; path = ProfileCell.h; sourceTree = "<group>"; };
		BE546A6F15028B7800B9A200 /* ProfileCell.m */ = {isa = PBXFileReference; fileEncoding = 4; lastKnownFileType = sourcecode.c.objc; path = ProfileCell.m; sourceTree = "<group>"; };
		BE546A711502E81500B9A200 /* iPadAccomplishmentCell.h */ = {isa = PBXFileReference; fileEncoding = 4; lastKnownFileType = sourcecode.c.h; path = iPadAccomplishmentCell.h; sourceTree = "<group>"; };
		BE546A721502E81500B9A200 /* iPadAccomplishmentCell.m */ = {isa = PBXFileReference; fileEncoding = 4; lastKnownFileType = sourcecode.c.objc; path = iPadAccomplishmentCell.m; sourceTree = "<group>"; };
		BE546A741502E96600B9A200 /* AccomplishmentsiPadViewController.h */ = {isa = PBXFileReference; fileEncoding = 4; lastKnownFileType = sourcecode.c.h; path = AccomplishmentsiPadViewController.h; sourceTree = "<group>"; };
		BE546A751502E96600B9A200 /* AccomplishmentsiPadViewController.m */ = {isa = PBXFileReference; fileEncoding = 4; lastKnownFileType = sourcecode.c.objc; path = AccomplishmentsiPadViewController.m; sourceTree = "<group>"; };
		BE5663C614F19C37002BC157 /* TableBottomBg.png */ = {isa = PBXFileReference; lastKnownFileType = image.png; path = TableBottomBg.png; sourceTree = "<group>"; };
		BE5663C714F19C37002BC157 /* TableMiddleBg.png */ = {isa = PBXFileReference; lastKnownFileType = image.png; path = TableMiddleBg.png; sourceTree = "<group>"; };
		BE5663C814F19C37002BC157 /* TableTopBg.png */ = {isa = PBXFileReference; lastKnownFileType = image.png; path = TableTopBg.png; sourceTree = "<group>"; };
		BE5663CD14F1AF7C002BC157 /* PanelBg.png */ = {isa = PBXFileReference; lastKnownFileType = image.png; path = PanelBg.png; sourceTree = "<group>"; };
		BE5663D514F1B92E002BC157 /* profile.png */ = {isa = PBXFileReference; lastKnownFileType = image.png; path = profile.png; sourceTree = "<group>"; };
		BE5663D614F1BB02002BC157 /* profile@2x.png */ = {isa = PBXFileReference; lastKnownFileType = image.png; path = "profile@2x.png"; sourceTree = "<group>"; };
		BE5663D814F1BD43002BC157 /* accomplishments.png */ = {isa = PBXFileReference; lastKnownFileType = image.png; path = accomplishments.png; sourceTree = "<group>"; };
		BE5663D914F1BD43002BC157 /* accomplishments@2x.png */ = {isa = PBXFileReference; lastKnownFileType = image.png; path = "accomplishments@2x.png"; sourceTree = "<group>"; };
		BE5663DA14F1BD43002BC157 /* badges.png */ = {isa = PBXFileReference; lastKnownFileType = image.png; path = badges.png; sourceTree = "<group>"; };
		BE5663DB14F1BD43002BC157 /* badges@2x.png */ = {isa = PBXFileReference; lastKnownFileType = image.png; path = "badges@2x.png"; sourceTree = "<group>"; };
		BE5663DC14F1BD43002BC157 /* stats.png */ = {isa = PBXFileReference; lastKnownFileType = image.png; path = stats.png; sourceTree = "<group>"; };
		BE5663DD14F1BD43002BC157 /* stats@2x.png */ = {isa = PBXFileReference; lastKnownFileType = image.png; path = "stats@2x.png"; sourceTree = "<group>"; };
		BE5663E514F2D5E7002BC157 /* AccomplishmentsViewController.h */ = {isa = PBXFileReference; fileEncoding = 4; lastKnownFileType = sourcecode.c.h; path = AccomplishmentsViewController.h; sourceTree = "<group>"; };
		BE5663E614F2D5E8002BC157 /* AccomplishmentsViewController.m */ = {isa = PBXFileReference; fileEncoding = 4; lastKnownFileType = sourcecode.c.objc; path = AccomplishmentsViewController.m; sourceTree = "<group>"; };
		BE5663E814F2E856002BC157 /* AccomplishmentCell.h */ = {isa = PBXFileReference; fileEncoding = 4; lastKnownFileType = sourcecode.c.h; path = AccomplishmentCell.h; sourceTree = "<group>"; };
		BE5663E914F2E856002BC157 /* AccomplishmentsCell.m */ = {isa = PBXFileReference; fileEncoding = 4; lastKnownFileType = sourcecode.c.objc; path = AccomplishmentsCell.m; sourceTree = "<group>"; };
		BE60B66514EFA64100CF7151 /* Coderwall.app */ = {isa = PBXFileReference; explicitFileType = wrapper.application; includeInIndex = 0; path = Coderwall.app; sourceTree = BUILT_PRODUCTS_DIR; };
		BE60B66914EFA64100CF7151 /* UIKit.framework */ = {isa = PBXFileReference; lastKnownFileType = wrapper.framework; name = UIKit.framework; path = System/Library/Frameworks/UIKit.framework; sourceTree = SDKROOT; };
		BE60B66B14EFA64100CF7151 /* Foundation.framework */ = {isa = PBXFileReference; lastKnownFileType = wrapper.framework; name = Foundation.framework; path = System/Library/Frameworks/Foundation.framework; sourceTree = SDKROOT; };
		BE60B66D14EFA64100CF7151 /* CoreGraphics.framework */ = {isa = PBXFileReference; lastKnownFileType = wrapper.framework; name = CoreGraphics.framework; path = System/Library/Frameworks/CoreGraphics.framework; sourceTree = SDKROOT; };
		BE60B67114EFA64100CF7151 /* Coderwall-Info.plist */ = {isa = PBXFileReference; lastKnownFileType = text.plist.xml; path = "Coderwall-Info.plist"; sourceTree = "<group>"; };
		BE60B67314EFA64100CF7151 /* en */ = {isa = PBXFileReference; lastKnownFileType = text.plist.strings; name = en; path = en.lproj/InfoPlist.strings; sourceTree = "<group>"; };
		BE60B67514EFA64100CF7151 /* main.m */ = {isa = PBXFileReference; lastKnownFileType = sourcecode.c.objc; path = main.m; sourceTree = "<group>"; };
		BE60B67714EFA64100CF7151 /* Coderwall-Prefix.pch */ = {isa = PBXFileReference; lastKnownFileType = sourcecode.c.h; path = "Coderwall-Prefix.pch"; sourceTree = "<group>"; };
		BE60B67814EFA64100CF7151 /* AppDelegate.h */ = {isa = PBXFileReference; lastKnownFileType = sourcecode.c.h; path = AppDelegate.h; sourceTree = "<group>"; };
		BE60B67914EFA64100CF7151 /* AppDelegate.m */ = {isa = PBXFileReference; lastKnownFileType = sourcecode.c.objc; path = AppDelegate.m; sourceTree = "<group>"; };
		BE60B67C14EFA64100CF7151 /* en */ = {isa = PBXFileReference; lastKnownFileType = file.storyboard; name = en; path = en.lproj/MainStoryboard_iPhone.storyboard; sourceTree = "<group>"; };
		BE60B67F14EFA64100CF7151 /* en */ = {isa = PBXFileReference; lastKnownFileType = file.storyboard; name = en; path = en.lproj/MainStoryboard_iPad.storyboard; sourceTree = "<group>"; };
		BE60B68C14EFA64100CF7151 /* CoderwallTests.octest */ = {isa = PBXFileReference; explicitFileType = wrapper.cfbundle; includeInIndex = 0; path = CoderwallTests.octest; sourceTree = BUILT_PRODUCTS_DIR; };
		BE60B68D14EFA64100CF7151 /* SenTestingKit.framework */ = {isa = PBXFileReference; lastKnownFileType = wrapper.framework; name = SenTestingKit.framework; path = Library/Frameworks/SenTestingKit.framework; sourceTree = DEVELOPER_DIR; };
		BE60B69514EFA64100CF7151 /* CoderwallTests-Info.plist */ = {isa = PBXFileReference; lastKnownFileType = text.plist.xml; path = "CoderwallTests-Info.plist"; sourceTree = "<group>"; };
		BE60B69714EFA64100CF7151 /* en */ = {isa = PBXFileReference; lastKnownFileType = text.plist.strings; name = en; path = en.lproj/InfoPlist.strings; sourceTree = "<group>"; };
		BE60B69914EFA64100CF7151 /* CoderwallTests.h */ = {isa = PBXFileReference; lastKnownFileType = sourcecode.c.h; path = CoderwallTests.h; sourceTree = "<group>"; };
		BE60B69A14EFA64100CF7151 /* CoderwallTests.m */ = {isa = PBXFileReference; lastKnownFileType = sourcecode.c.objc; path = CoderwallTests.m; sourceTree = "<group>"; };
		BE60B6A414EFB09100CF7151 /* ProfileViewController.h */ = {isa = PBXFileReference; fileEncoding = 4; lastKnownFileType = sourcecode.c.h; path = ProfileViewController.h; sourceTree = "<group>"; };
		BE60B6A514EFB09100CF7151 /* ProfileViewController.m */ = {isa = PBXFileReference; fileEncoding = 4; lastKnownFileType = sourcecode.c.objc; path = ProfileViewController.m; sourceTree = "<group>"; };
		BE60B6AA14EFB0FD00CF7151 /* User.h */ = {isa = PBXFileReference; fileEncoding = 4; lastKnownFileType = sourcecode.c.h; path = User.h; sourceTree = "<group>"; };
		BE60B6AB14EFB0FD00CF7151 /* User.m */ = {isa = PBXFileReference; fileEncoding = 4; lastKnownFileType = sourcecode.c.objc; path = User.m; sourceTree = "<group>"; };
		BE60B6C614EFBA9B00CF7151 /* app-icon-retina.png */ = {isa = PBXFileReference; lastKnownFileType = image.png; path = "app-icon-retina.png"; sourceTree = "<group>"; };
		BE60B6C814EFBAA400CF7151 /* app-icon.png */ = {isa = PBXFileReference; lastKnownFileType = image.png; path = "app-icon.png"; sourceTree = "<group>"; };
		BE60B6CA14EFBAE700CF7151 /* inset-logo.png */ = {isa = PBXFileReference; lastKnownFileType = image.png; path = "inset-logo.png"; sourceTree = "<group>"; };
		BE60B72F14EFBE6000CF7151 /* NSObject+SBJson.h */ = {isa = PBXFileReference; fileEncoding = 4; lastKnownFileType = sourcecode.c.h; path = "NSObject+SBJson.h"; sourceTree = "<group>"; };
		BE60B73014EFBE6000CF7151 /* NSObject+SBJson.m */ = {isa = PBXFileReference; fileEncoding = 4; lastKnownFileType = sourcecode.c.objc; path = "NSObject+SBJson.m"; sourceTree = "<group>"; };
		BE60B73114EFBE6000CF7151 /* SBJson.h */ = {isa = PBXFileReference; fileEncoding = 4; lastKnownFileType = sourcecode.c.h; path = SBJson.h; sourceTree = "<group>"; };
		BE60B73214EFBE6000CF7151 /* SBJsonParser.h */ = {isa = PBXFileReference; fileEncoding = 4; lastKnownFileType = sourcecode.c.h; path = SBJsonParser.h; sourceTree = "<group>"; };
		BE60B73314EFBE6000CF7151 /* SBJsonParser.m */ = {isa = PBXFileReference; fileEncoding = 4; lastKnownFileType = sourcecode.c.objc; path = SBJsonParser.m; sourceTree = "<group>"; };
		BE60B73414EFBE6000CF7151 /* SBJsonStreamParser.h */ = {isa = PBXFileReference; fileEncoding = 4; lastKnownFileType = sourcecode.c.h; path = SBJsonStreamParser.h; sourceTree = "<group>"; };
		BE60B73514EFBE6000CF7151 /* SBJsonStreamParser.m */ = {isa = PBXFileReference; fileEncoding = 4; lastKnownFileType = sourcecode.c.objc; path = SBJsonStreamParser.m; sourceTree = "<group>"; };
		BE60B73614EFBE6000CF7151 /* SBJsonStreamParserAccumulator.h */ = {isa = PBXFileReference; fileEncoding = 4; lastKnownFileType = sourcecode.c.h; path = SBJsonStreamParserAccumulator.h; sourceTree = "<group>"; };
		BE60B73714EFBE6000CF7151 /* SBJsonStreamParserAccumulator.m */ = {isa = PBXFileReference; fileEncoding = 4; lastKnownFileType = sourcecode.c.objc; path = SBJsonStreamParserAccumulator.m; sourceTree = "<group>"; };
		BE60B73814EFBE6000CF7151 /* SBJsonStreamParserAdapter.h */ = {isa = PBXFileReference; fileEncoding = 4; lastKnownFileType = sourcecode.c.h; path = SBJsonStreamParserAdapter.h; sourceTree = "<group>"; };
		BE60B73914EFBE6000CF7151 /* SBJsonStreamParserAdapter.m */ = {isa = PBXFileReference; fileEncoding = 4; lastKnownFileType = sourcecode.c.objc; path = SBJsonStreamParserAdapter.m; sourceTree = "<group>"; };
		BE60B73A14EFBE6000CF7151 /* SBJsonStreamParserState.h */ = {isa = PBXFileReference; fileEncoding = 4; lastKnownFileType = sourcecode.c.h; path = SBJsonStreamParserState.h; sourceTree = "<group>"; };
		BE60B73B14EFBE6000CF7151 /* SBJsonStreamParserState.m */ = {isa = PBXFileReference; fileEncoding = 4; lastKnownFileType = sourcecode.c.objc; path = SBJsonStreamParserState.m; sourceTree = "<group>"; };
		BE60B73C14EFBE6000CF7151 /* SBJsonStreamWriter.h */ = {isa = PBXFileReference; fileEncoding = 4; lastKnownFileType = sourcecode.c.h; path = SBJsonStreamWriter.h; sourceTree = "<group>"; };
		BE60B73D14EFBE6000CF7151 /* SBJsonStreamWriter.m */ = {isa = PBXFileReference; fileEncoding = 4; lastKnownFileType = sourcecode.c.objc; path = SBJsonStreamWriter.m; sourceTree = "<group>"; };
		BE60B73E14EFBE6000CF7151 /* SBJsonStreamWriterAccumulator.h */ = {isa = PBXFileReference; fileEncoding = 4; lastKnownFileType = sourcecode.c.h; path = SBJsonStreamWriterAccumulator.h; sourceTree = "<group>"; };
		BE60B73F14EFBE6000CF7151 /* SBJsonStreamWriterAccumulator.m */ = {isa = PBXFileReference; fileEncoding = 4; lastKnownFileType = sourcecode.c.objc; path = SBJsonStreamWriterAccumulator.m; sourceTree = "<group>"; };
		BE60B74014EFBE6000CF7151 /* SBJsonStreamWriterState.h */ = {isa = PBXFileReference; fileEncoding = 4; lastKnownFileType = sourcecode.c.h; path = SBJsonStreamWriterState.h; sourceTree = "<group>"; };
		BE60B74114EFBE6000CF7151 /* SBJsonStreamWriterState.m */ = {isa = PBXFileReference; fileEncoding = 4; lastKnownFileType = sourcecode.c.objc; path = SBJsonStreamWriterState.m; sourceTree = "<group>"; };
		BE60B74214EFBE6000CF7151 /* SBJsonTokeniser.h */ = {isa = PBXFileReference; fileEncoding = 4; lastKnownFileType = sourcecode.c.h; path = SBJsonTokeniser.h; sourceTree = "<group>"; };
		BE60B74314EFBE6000CF7151 /* SBJsonTokeniser.m */ = {isa = PBXFileReference; fileEncoding = 4; lastKnownFileType = sourcecode.c.objc; path = SBJsonTokeniser.m; sourceTree = "<group>"; };
		BE60B74414EFBE6000CF7151 /* SBJsonUTF8Stream.h */ = {isa = PBXFileReference; fileEncoding = 4; lastKnownFileType = sourcecode.c.h; path = SBJsonUTF8Stream.h; sourceTree = "<group>"; };
		BE60B74514EFBE6000CF7151 /* SBJsonUTF8Stream.m */ = {isa = PBXFileReference; fileEncoding = 4; lastKnownFileType = sourcecode.c.objc; path = SBJsonUTF8Stream.m; sourceTree = "<group>"; };
		BE60B74614EFBE6000CF7151 /* SBJsonWriter.h */ = {isa = PBXFileReference; fileEncoding = 4; lastKnownFileType = sourcecode.c.h; path = SBJsonWriter.h; sourceTree = "<group>"; };
		BE60B74714EFBE6000CF7151 /* SBJsonWriter.m */ = {isa = PBXFileReference; fileEncoding = 4; lastKnownFileType = sourcecode.c.objc; path = SBJsonWriter.m; sourceTree = "<group>"; };
		BE60B75414EFC4D500CF7151 /* MasterViewController.h */ = {isa = PBXFileReference; fileEncoding = 4; lastKnownFileType = sourcecode.c.h; path = MasterViewController.h; sourceTree = "<group>"; };
		BE60B75514EFC4D500CF7151 /* MasterViewController.m */ = {isa = PBXFileReference; fileEncoding = 4; lastKnownFileType = sourcecode.c.objc; path = MasterViewController.m; sourceTree = "<group>"; };
		BE73BA1414F8FFAB00220316 /* SettingsViewController.h */ = {isa = PBXFileReference; fileEncoding = 4; lastKnownFileType = sourcecode.c.h; path = SettingsViewController.h; sourceTree = "<group>"; };
		BE73BA1514F8FFAB00220316 /* SettingsViewController.m */ = {isa = PBXFileReference; fileEncoding = 4; lastKnownFileType = sourcecode.c.objc; path = SettingsViewController.m; sourceTree = "<group>"; };
		BE74BFBA150385FE00433091 /* AppDelegateProtocol.h */ = {isa = PBXFileReference; fileEncoding = 4; lastKnownFileType = sourcecode.c.h; path = AppDelegateProtocol.h; sourceTree = "<group>"; };
		BE886C4F14F95249003BC113 /* SearchViewController.h */ = {isa = PBXFileReference; fileEncoding = 4; lastKnownFileType = sourcecode.c.h; path = SearchViewController.h; sourceTree = "<group>"; };
		BE886C5014F95249003BC113 /* SearchViewController.m */ = {isa = PBXFileReference; fileEncoding = 4; lastKnownFileType = sourcecode.c.objc; path = SearchViewController.m; sourceTree = "<group>"; };
		BE886C5314F953E0003BC113 /* ClearSearchBar.h */ = {isa = PBXFileReference; fileEncoding = 4; lastKnownFileType = sourcecode.c.h; path = ClearSearchBar.h; sourceTree = "<group>"; };
		BE886C5414F953E0003BC113 /* ClearSearchBar.m */ = {isa = PBXFileReference; fileEncoding = 4; lastKnownFileType = sourcecode.c.objc; path = ClearSearchBar.m; sourceTree = "<group>"; };
		BE935818150403AF0059A620 /* DejalActivityView.h */ = {isa = PBXFileReference; fileEncoding = 4; lastKnownFileType = sourcecode.c.h; path = DejalActivityView.h; sourceTree = "<group>"; };
		BE935819150403AF0059A620 /* DejalActivityView.m */ = {isa = PBXFileReference; fileEncoding = 4; lastKnownFileType = sourcecode.c.objc; path = DejalActivityView.m; sourceTree = "<group>"; };
		BE9E92F214F417EA00FC3704 /* settings.png */ = {isa = PBXFileReference; lastKnownFileType = image.png; path = settings.png; sourceTree = "<group>"; };
		BE9E92F314F417EA00FC3704 /* settings@2x.png */ = {isa = PBXFileReference; lastKnownFileType = image.png; path = "settings@2x.png"; sourceTree = "<group>"; };
		BE9E92F714F4195100FC3704 /* search.png */ = {isa = PBXFileReference; lastKnownFileType = image.png; path = search.png; sourceTree = "<group>"; };
		BE9E92F814F4195100FC3704 /* search@2x.png */ = {isa = PBXFileReference; lastKnownFileType = image.png; path = "search@2x.png"; sourceTree = "<group>"; };
		BE9E92FB14F463AF00FC3704 /* StatsViewController.h */ = {isa = PBXFileReference; fileEncoding = 4; lastKnownFileType = sourcecode.c.h; path = StatsViewController.h; sourceTree = "<group>"; };
		BE9E92FC14F463AF00FC3704 /* StatsViewController.m */ = {isa = PBXFileReference; fileEncoding = 4; lastKnownFileType = sourcecode.c.objc; path = StatsViewController.m; sourceTree = "<group>"; };
		BE9E92FE14F5658400FC3704 /* StatCell.h */ = {isa = PBXFileReference; fileEncoding = 4; lastKnownFileType = sourcecode.c.h; path = StatCell.h; sourceTree = "<group>"; };
		BE9E92FF14F5658400FC3704 /* StatCell.m */ = {isa = PBXFileReference; fileEncoding = 4; lastKnownFileType = sourcecode.c.objc; path = StatCell.m; sourceTree = "<group>"; };
		BEDD01CF15005369006C4C29 /* SearchResultsViewController.h */ = {isa = PBXFileReference; fileEncoding = 4; lastKnownFileType = sourcecode.c.h; path = SearchResultsViewController.h; sourceTree = "<group>"; };
		BEDD01D015005369006C4C29 /* SearchResultsViewController.m */ = {isa = PBXFileReference; fileEncoding = 4; lastKnownFileType = sourcecode.c.objc; path = SearchResultsViewController.m; sourceTree = "<group>"; };
		BEFC77541513BCDC00C10939 /* QuartzCore.framework */ = {isa = PBXFileReference; lastKnownFileType = wrapper.framework; name = QuartzCore.framework; path = System/Library/Frameworks/QuartzCore.framework; sourceTree = SDKROOT; };
		BEFC775B1513BE2000C10939 /* EGORefreshTableHeaderView.h */ = {isa = PBXFileReference; fileEncoding = 4; lastKnownFileType = sourcecode.c.h; path = EGORefreshTableHeaderView.h; sourceTree = "<group>"; };
		BEFC775C1513BE2000C10939 /* EGORefreshTableHeaderView.m */ = {isa = PBXFileReference; fileEncoding = 4; lastKnownFileType = sourcecode.c.objc; path = EGORefreshTableHeaderView.m; sourceTree = "<group>"; };
		BEFC775E1513BE2000C10939 /* blackArrow.png */ = {isa = PBXFileReference; lastKnownFileType = image.png; path = blackArrow.png; sourceTree = "<group>"; };
		BEFC775F1513BE2000C10939 /* blackArrow@2x.png */ = {isa = PBXFileReference; lastKnownFileType = image.png; path = "blackArrow@2x.png"; sourceTree = "<group>"; };
		BEFC77601513BE2000C10939 /* blueArrow.png */ = {isa = PBXFileReference; lastKnownFileType = image.png; path = blueArrow.png; sourceTree = "<group>"; };
		BEFC77611513BE2000C10939 /* blueArrow@2x.png */ = {isa = PBXFileReference; lastKnownFileType = image.png; path = "blueArrow@2x.png"; sourceTree = "<group>"; };
		BEFC77621513BE2000C10939 /* grayArrow.png */ = {isa = PBXFileReference; lastKnownFileType = image.png; path = grayArrow.png; sourceTree = "<group>"; };
		BEFC77631513BE2000C10939 /* grayArrow@2x.png */ = {isa = PBXFileReference; lastKnownFileType = image.png; path = "grayArrow@2x.png"; sourceTree = "<group>"; };
		BEFC77641513BE2000C10939 /* whiteArrow.png */ = {isa = PBXFileReference; lastKnownFileType = image.png; path = whiteArrow.png; sourceTree = "<group>"; };
		BEFC77651513BE2000C10939 /* whiteArrow@2x.png */ = {isa = PBXFileReference; lastKnownFileType = image.png; path = "whiteArrow@2x.png"; sourceTree = "<group>"; };
/* End PBXFileReference section */

/* Begin PBXFrameworksBuildPhase section */
		BE60B66214EFA64100CF7151 /* Frameworks */ = {
			isa = PBXFrameworksBuildPhase;
			buildActionMask = 2147483647;
			files = (
				BEFC77571513BCEC00C10939 /* QuartzCore.framework in Frameworks */,
				BE60B66A14EFA64100CF7151 /* UIKit.framework in Frameworks */,
				BE60B66C14EFA64100CF7151 /* Foundation.framework in Frameworks */,
				BE60B66E14EFA64100CF7151 /* CoreGraphics.framework in Frameworks */,
			);
			runOnlyForDeploymentPostprocessing = 0;
		};
		BE60B68814EFA64100CF7151 /* Frameworks */ = {
			isa = PBXFrameworksBuildPhase;
			buildActionMask = 2147483647;
			files = (
				BE60B68E14EFA64100CF7151 /* SenTestingKit.framework in Frameworks */,
				BE60B68F14EFA64100CF7151 /* UIKit.framework in Frameworks */,
				BE60B69014EFA64100CF7151 /* Foundation.framework in Frameworks */,
			);
			runOnlyForDeploymentPostprocessing = 0;
		};
/* End PBXFrameworksBuildPhase section */

/* Begin PBXGroup section */
		BE07C36F151DDE5D00CAE177 /* SDURLCache */ = {
			isa = PBXGroup;
			children = (
				BE07C370151DDEC500CAE177 /* SDURLCache_Prefix.pch */,
				BE07C371151DDEC500CAE177 /* SDURLCache.h */,
				BE07C372151DDEC500CAE177 /* SDURLCache.m */,
			);
			path = SDURLCache;
			sourceTree = "<group>";
		};
		BE60B65A14EFA64000CF7151 = {
			isa = PBXGroup;
			children = (
				BE07C36F151DDE5D00CAE177 /* SDURLCache */,
				BEFC77581513BE2000C10939 /* EGOTableViewPullRefresh */,
				BE935817150403AF0059A620 /* DejalActivityView */,
				BE60B66F14EFA64100CF7151 /* Coderwall */,
				BE60B69314EFA64100CF7151 /* CoderwallTests */,
				BE60B66814EFA64100CF7151 /* Frameworks */,
				BE60B66614EFA64100CF7151 /* Products */,
				BE60B72E14EFBE6000CF7151 /* SBJson */,
			);
			sourceTree = "<group>";
		};
		BE60B66614EFA64100CF7151 /* Products */ = {
			isa = PBXGroup;
			children = (
				BE60B66514EFA64100CF7151 /* Coderwall.app */,
				BE60B68C14EFA64100CF7151 /* CoderwallTests.octest */,
			);
			name = Products;
			sourceTree = "<group>";
		};
		BE60B66814EFA64100CF7151 /* Frameworks */ = {
			isa = PBXGroup;
			children = (
				BEFC77541513BCDC00C10939 /* QuartzCore.framework */,
				BE60B66914EFA64100CF7151 /* UIKit.framework */,
				BE60B66B14EFA64100CF7151 /* Foundation.framework */,
				BE60B66D14EFA64100CF7151 /* CoreGraphics.framework */,
				BE60B68D14EFA64100CF7151 /* SenTestingKit.framework */,
			);
			name = Frameworks;
			sourceTree = "<group>";
		};
		BE60B66F14EFA64100CF7151 /* Coderwall */ = {
			isa = PBXGroup;
			children = (
				BE60B75E14F05DE700CF7151 /* Protocols */,
				BE60B6C114EFBA6200CF7151 /* Resources */,
				BE60B6A714EFB09700CF7151 /* Models */,
				BE60B6A814EFB0A000CF7151 /* Controllers */,
				BE60B6A914EFB0AF00CF7151 /* Views */,
				BE60B67814EFA64100CF7151 /* AppDelegate.h */,
				BE60B67914EFA64100CF7151 /* AppDelegate.m */,
				BE60B67014EFA64100CF7151 /* Supporting Files */,
			);
			path = Coderwall;
			sourceTree = "<group>";
		};
		BE60B67014EFA64100CF7151 /* Supporting Files */ = {
			isa = PBXGroup;
			children = (
				BE60B67114EFA64100CF7151 /* Coderwall-Info.plist */,
				BE60B67214EFA64100CF7151 /* InfoPlist.strings */,
				BE60B67514EFA64100CF7151 /* main.m */,
				BE60B67714EFA64100CF7151 /* Coderwall-Prefix.pch */,
			);
			name = "Supporting Files";
			sourceTree = "<group>";
		};
		BE60B69314EFA64100CF7151 /* CoderwallTests */ = {
			isa = PBXGroup;
			children = (
				BE60B69914EFA64100CF7151 /* CoderwallTests.h */,
				BE60B69A14EFA64100CF7151 /* CoderwallTests.m */,
				BE60B69414EFA64100CF7151 /* Supporting Files */,
			);
			path = CoderwallTests;
			sourceTree = "<group>";
		};
		BE60B69414EFA64100CF7151 /* Supporting Files */ = {
			isa = PBXGroup;
			children = (
				BE60B69514EFA64100CF7151 /* CoderwallTests-Info.plist */,
				BE60B69614EFA64100CF7151 /* InfoPlist.strings */,
			);
			name = "Supporting Files";
			sourceTree = "<group>";
		};
		BE60B6A714EFB09700CF7151 /* Models */ = {
			isa = PBXGroup;
			children = (
				BE60B6AA14EFB0FD00CF7151 /* User.h */,
				BE60B6AB14EFB0FD00CF7151 /* User.m */,
				BE07C366151DC8CA00CAE177 /* ImageLoader.h */,
				BE07C367151DC8CA00CAE177 /* ImageLoader.m */,
			);
			path = Models;
			sourceTree = "<group>";
		};
		BE60B6A814EFB0A000CF7151 /* Controllers */ = {
			isa = PBXGroup;
			children = (
				BE74BFB81503858700433091 /* iPhone */,
				BE74BFB91503858E00433091 /* Shared */,
				BE74BFB71503857200433091 /* iPad */,
			);
			path = Controllers;
			sourceTree = "<group>";
		};
		BE60B6A914EFB0AF00CF7151 /* Views */ = {
			isa = PBXGroup;
			children = (
				BE60B76014F0615600CF7151 /* ViewExtensions */,
				BE60B67B14EFA64100CF7151 /* MainStoryboard_iPhone.storyboard */,
				BE60B67E14EFA64100CF7151 /* MainStoryboard_iPad.storyboard */,
			);
			path = Views;
			sourceTree = "<group>";
		};
		BE60B6C114EFBA6200CF7151 /* Resources */ = {
			isa = PBXGroup;
			children = (
				BE74BFB6150383E900433091 /* Standard */,
				BE74BFB5150383DE00433091 /* Retina */,
				BE74BFB4150383D300433091 /* iPad */,
			);
			path = Resources;
			sourceTree = "<group>";
		};
		BE60B72E14EFBE6000CF7151 /* SBJson */ = {
			isa = PBXGroup;
			children = (
				BE60B72F14EFBE6000CF7151 /* NSObject+SBJson.h */,
				BE60B73014EFBE6000CF7151 /* NSObject+SBJson.m */,
				BE60B73114EFBE6000CF7151 /* SBJson.h */,
				BE60B73214EFBE6000CF7151 /* SBJsonParser.h */,
				BE60B73314EFBE6000CF7151 /* SBJsonParser.m */,
				BE60B73414EFBE6000CF7151 /* SBJsonStreamParser.h */,
				BE60B73514EFBE6000CF7151 /* SBJsonStreamParser.m */,
				BE60B73614EFBE6000CF7151 /* SBJsonStreamParserAccumulator.h */,
				BE60B73714EFBE6000CF7151 /* SBJsonStreamParserAccumulator.m */,
				BE60B73814EFBE6000CF7151 /* SBJsonStreamParserAdapter.h */,
				BE60B73914EFBE6000CF7151 /* SBJsonStreamParserAdapter.m */,
				BE60B73A14EFBE6000CF7151 /* SBJsonStreamParserState.h */,
				BE60B73B14EFBE6000CF7151 /* SBJsonStreamParserState.m */,
				BE60B73C14EFBE6000CF7151 /* SBJsonStreamWriter.h */,
				BE60B73D14EFBE6000CF7151 /* SBJsonStreamWriter.m */,
				BE60B73E14EFBE6000CF7151 /* SBJsonStreamWriterAccumulator.h */,
				BE60B73F14EFBE6000CF7151 /* SBJsonStreamWriterAccumulator.m */,
				BE60B74014EFBE6000CF7151 /* SBJsonStreamWriterState.h */,
				BE60B74114EFBE6000CF7151 /* SBJsonStreamWriterState.m */,
				BE60B74214EFBE6000CF7151 /* SBJsonTokeniser.h */,
				BE60B74314EFBE6000CF7151 /* SBJsonTokeniser.m */,
				BE60B74414EFBE6000CF7151 /* SBJsonUTF8Stream.h */,
				BE60B74514EFBE6000CF7151 /* SBJsonUTF8Stream.m */,
				BE60B74614EFBE6000CF7151 /* SBJsonWriter.h */,
				BE60B74714EFBE6000CF7151 /* SBJsonWriter.m */,
			);
			path = SBJson;
			sourceTree = "<group>";
		};
		BE60B75E14F05DE700CF7151 /* Protocols */ = {
			isa = PBXGroup;
			children = (
				BE74BFBA150385FE00433091 /* AppDelegateProtocol.h */,
			);
			path = Protocols;
			sourceTree = "<group>";
		};
		BE60B76014F0615600CF7151 /* ViewExtensions */ = {
			isa = PBXGroup;
			children = (
				BE1C7F7F14F17C1B00E460AC /* BadgeCell.h */,
				BE1C7F8014F17C1B00E460AC /* BadgeCell.m */,
				BE5663E814F2E856002BC157 /* AccomplishmentCell.h */,
				BE5663E914F2E856002BC157 /* AccomplishmentsCell.m */,
				BE9E92FE14F5658400FC3704 /* StatCell.h */,
				BE9E92FF14F5658400FC3704 /* StatCell.m */,
				BE886C5314F953E0003BC113 /* ClearSearchBar.h */,
				BE886C5414F953E0003BC113 /* ClearSearchBar.m */,
				BE546A6415019A3D00B9A200 /* iPadBadgeCell.h */,
				BE546A6515019A3D00B9A200 /* iPadBadgeCell.m */,
				BE546A6E15028B7800B9A200 /* ProfileCell.h */,
				BE546A6F15028B7800B9A200 /* ProfileCell.m */,
				BE546A711502E81500B9A200 /* iPadAccomplishmentCell.h */,
				BE546A721502E81500B9A200 /* iPadAccomplishmentCell.m */,
			);
			name = ViewExtensions;
			path = "View Extensions";
			sourceTree = "<group>";
		};
		BE74BFB4150383D300433091 /* iPad */ = {
			isa = PBXGroup;
			children = (
				BE546A6715019F8F00B9A200 /* iPadBadgeBg.png */,
				BE546A561501694B00B9A200 /* app-icon-ipad.png */,
			);
			path = iPad;
			sourceTree = "<group>";
		};
		BE74BFB5150383DE00433091 /* Retina */ = {
			isa = PBXGroup;
			children = (
				BE9E92F814F4195100FC3704 /* search@2x.png */,
				BE9E92F314F417EA00FC3704 /* settings@2x.png */,
				BE5663D914F1BD43002BC157 /* accomplishments@2x.png */,
				BE5663DB14F1BD43002BC157 /* badges@2x.png */,
				BE5663DD14F1BD43002BC157 /* stats@2x.png */,
				BE5663D614F1BB02002BC157 /* profile@2x.png */,
				BE60B6C614EFBA9B00CF7151 /* app-icon-retina.png */,
				BE546A5B150193DC00B9A200 /* TableBottomBg@2x.png */,
				BE546A5C150193DC00B9A200 /* TableMiddleBg@2x.png */,
				BE546A5D150193DC00B9A200 /* TableTopBg@2x.png */,
				BE546A6915019FA000B9A200 /* PanelBg@2x.png */,
			);
			path = Retina;
			sourceTree = "<group>";
		};
		BE74BFB6150383E900433091 /* Standard */ = {
			isa = PBXGroup;
			children = (
				BE23DF0A1509786C00A149C8 /* defaultavatar.png */,
				BE60B6CA14EFBAE700CF7151 /* inset-logo.png */,
				BE9E92F714F4195100FC3704 /* search.png */,
				BE9E92F214F417EA00FC3704 /* settings.png */,
				BE5663D814F1BD43002BC157 /* accomplishments.png */,
				BE5663DA14F1BD43002BC157 /* badges.png */,
				BE5663DC14F1BD43002BC157 /* stats.png */,
				BE5663D514F1B92E002BC157 /* profile.png */,
				BE60B6C814EFBAA400CF7151 /* app-icon.png */,
				BE5663CD14F1AF7C002BC157 /* PanelBg.png */,
				BE5663C614F19C37002BC157 /* TableBottomBg.png */,
				BE5663C714F19C37002BC157 /* TableMiddleBg.png */,
				BE5663C814F19C37002BC157 /* TableTopBg.png */,
			);
			path = Standard;
			sourceTree = "<group>";
		};
		BE74BFB71503857200433091 /* iPad */ = {
			isa = PBXGroup;
			children = (
				BE546A611501967800B9A200 /* BadgesiPadViewController.h */,
				BE546A621501967800B9A200 /* BadgesiPadViewController.m */,
				BE546A6B15028AE900B9A200 /* SummaryViewController.h */,
				BE546A6C15028AE900B9A200 /* SummaryViewController.m */,
				BE546A741502E96600B9A200 /* AccomplishmentsiPadViewController.h */,
				BE546A751502E96600B9A200 /* AccomplishmentsiPadViewController.m */,
				BE19C3E915038F6200AAEE5E /* DetailViewController.h */,
				BE19C3EA15038F6200AAEE5E /* DetailViewController.m */,
			);
			path = iPad;
			sourceTree = "<group>";
		};
		BE74BFB81503858700433091 /* iPhone */ = {
			isa = PBXGroup;
			children = (
				BE60B6A414EFB09100CF7151 /* ProfileViewController.h */,
				BE60B6A514EFB09100CF7151 /* ProfileViewController.m */,
				BE1C7F7814F137E800E460AC /* BadgesViewController.h */,
				BE1C7F7914F137E800E460AC /* BadgesViewController.m */,
				BE5663E514F2D5E7002BC157 /* AccomplishmentsViewController.h */,
				BE5663E614F2D5E8002BC157 /* AccomplishmentsViewController.m */,
				BE9E92FB14F463AF00FC3704 /* StatsViewController.h */,
				BE9E92FC14F463AF00FC3704 /* StatsViewController.m */,
			);
			path = iPhone;
			sourceTree = "<group>";
		};
		BE74BFB91503858E00433091 /* Shared */ = {
			isa = PBXGroup;
			children = (
				BE60B75414EFC4D500CF7151 /* MasterViewController.h */,
				BE60B75514EFC4D500CF7151 /* MasterViewController.m */,
				BE73BA1414F8FFAB00220316 /* SettingsViewController.h */,
				BE73BA1514F8FFAB00220316 /* SettingsViewController.m */,
				BE886C4F14F95249003BC113 /* SearchViewController.h */,
				BE886C5014F95249003BC113 /* SearchViewController.m */,
				BEDD01CF15005369006C4C29 /* SearchResultsViewController.h */,
				BEDD01D015005369006C4C29 /* SearchResultsViewController.m */,
			);
			path = Shared;
			sourceTree = "<group>";
		};
		BE935817150403AF0059A620 /* DejalActivityView */ = {
			isa = PBXGroup;
			children = (
				BE935818150403AF0059A620 /* DejalActivityView.h */,
				BE935819150403AF0059A620 /* DejalActivityView.m */,
			);
			path = DejalActivityView;
			sourceTree = "<group>";
		};
		BEFC77581513BE2000C10939 /* EGOTableViewPullRefresh */ = {
			isa = PBXGroup;
			children = (
				BEFC77591513BE2000C10939 /* Classes */,
				BEFC775D1513BE2000C10939 /* Resources */,
			);
			path = EGOTableViewPullRefresh;
			sourceTree = "<group>";
		};
		BEFC77591513BE2000C10939 /* Classes */ = {
			isa = PBXGroup;
			children = (
				BEFC775A1513BE2000C10939 /* View */,
			);
			path = Classes;
			sourceTree = "<group>";
		};
		BEFC775A1513BE2000C10939 /* View */ = {
			isa = PBXGroup;
			children = (
				BEFC775B1513BE2000C10939 /* EGORefreshTableHeaderView.h */,
				BEFC775C1513BE2000C10939 /* EGORefreshTableHeaderView.m */,
			);
			path = View;
			sourceTree = "<group>";
		};
		BEFC775D1513BE2000C10939 /* Resources */ = {
			isa = PBXGroup;
			children = (
				BEFC775E1513BE2000C10939 /* blackArrow.png */,
				BEFC775F1513BE2000C10939 /* blackArrow@2x.png */,
				BEFC77601513BE2000C10939 /* blueArrow.png */,
				BEFC77611513BE2000C10939 /* blueArrow@2x.png */,
				BEFC77621513BE2000C10939 /* grayArrow.png */,
				BEFC77631513BE2000C10939 /* grayArrow@2x.png */,
				BEFC77641513BE2000C10939 /* whiteArrow.png */,
				BEFC77651513BE2000C10939 /* whiteArrow@2x.png */,
			);
			path = Resources;
			sourceTree = "<group>";
		};
/* End PBXGroup section */

/* Begin PBXNativeTarget section */
		BE60B66414EFA64100CF7151 /* Coderwall */ = {
			isa = PBXNativeTarget;
			buildConfigurationList = BE60B69E14EFA64100CF7151 /* Build configuration list for PBXNativeTarget "Coderwall" */;
			buildPhases = (
				BE60B66114EFA64100CF7151 /* Sources */,
				BE60B66214EFA64100CF7151 /* Frameworks */,
				BE60B66314EFA64100CF7151 /* Resources */,
			);
			buildRules = (
			);
			dependencies = (
			);
			name = Coderwall;
			productName = Coderwall;
			productReference = BE60B66514EFA64100CF7151 /* Coderwall.app */;
			productType = "com.apple.product-type.application";
		};
		BE60B68B14EFA64100CF7151 /* CoderwallTests */ = {
			isa = PBXNativeTarget;
			buildConfigurationList = BE60B6A114EFA64100CF7151 /* Build configuration list for PBXNativeTarget "CoderwallTests" */;
			buildPhases = (
				BE60B68714EFA64100CF7151 /* Sources */,
				BE60B68814EFA64100CF7151 /* Frameworks */,
				BE60B68914EFA64100CF7151 /* Resources */,
				BE60B68A14EFA64100CF7151 /* ShellScript */,
			);
			buildRules = (
			);
			dependencies = (
				BE60B69214EFA64100CF7151 /* PBXTargetDependency */,
			);
			name = CoderwallTests;
			productName = CoderwallTests;
			productReference = BE60B68C14EFA64100CF7151 /* CoderwallTests.octest */;
			productType = "com.apple.product-type.bundle";
		};
/* End PBXNativeTarget section */

/* Begin PBXProject section */
		BE60B65C14EFA64000CF7151 /* Project object */ = {
			isa = PBXProject;
			attributes = {
				LastUpgradeCheck = 0430;
				ORGANIZATIONNAME = "Bearded Apps";
			};
			buildConfigurationList = BE60B65F14EFA64000CF7151 /* Build configuration list for PBXProject "Coderwall" */;
			compatibilityVersion = "Xcode 3.2";
			developmentRegion = English;
			hasScannedForEncodings = 0;
			knownRegions = (
				en,
			);
			mainGroup = BE60B65A14EFA64000CF7151;
			productRefGroup = BE60B66614EFA64100CF7151 /* Products */;
			projectDirPath = "";
			projectRoot = "";
			targets = (
				BE60B66414EFA64100CF7151 /* Coderwall */,
				BE60B68B14EFA64100CF7151 /* CoderwallTests */,
			);
		};
/* End PBXProject section */

/* Begin PBXResourcesBuildPhase section */
		BE60B66314EFA64100CF7151 /* Resources */ = {
			isa = PBXResourcesBuildPhase;
			buildActionMask = 2147483647;
			files = (
				BE60B67414EFA64100CF7151 /* InfoPlist.strings in Resources */,
				BE60B67D14EFA64100CF7151 /* MainStoryboard_iPhone.storyboard in Resources */,
				BE60B68014EFA64100CF7151 /* MainStoryboard_iPad.storyboard in Resources */,
				BE60B6C714EFBA9B00CF7151 /* app-icon-retina.png in Resources */,
				BE60B6C914EFBAA400CF7151 /* app-icon.png in Resources */,
				BE60B6CB14EFBAE700CF7151 /* inset-logo.png in Resources */,
				BE5663C914F19C37002BC157 /* TableBottomBg.png in Resources */,
				BE5663CA14F19C37002BC157 /* TableMiddleBg.png in Resources */,
				BE5663CB14F19C37002BC157 /* TableTopBg.png in Resources */,
				BE5663CE14F1AF7C002BC157 /* PanelBg.png in Resources */,
				BE5663D414F1B92E002BC157 /* profile.png in Resources */,
				BE5663D714F1BB02002BC157 /* profile@2x.png in Resources */,
				BE5663DE14F1BD43002BC157 /* accomplishments.png in Resources */,
				BE5663DF14F1BD43002BC157 /* accomplishments@2x.png in Resources */,
				BE5663E014F1BD43002BC157 /* badges.png in Resources */,
				BE5663E114F1BD43002BC157 /* badges@2x.png in Resources */,
				BE5663E214F1BD43002BC157 /* stats.png in Resources */,
				BE5663E314F1BD43002BC157 /* stats@2x.png in Resources */,
				BE9E92F414F417EA00FC3704 /* settings.png in Resources */,
				BE9E92F514F417EA00FC3704 /* settings@2x.png in Resources */,
				BE9E92F914F4195100FC3704 /* search.png in Resources */,
				BE9E92FA14F4195100FC3704 /* search@2x.png in Resources */,
				BE546A571501694B00B9A200 /* app-icon-ipad.png in Resources */,
				BE546A5E150193DC00B9A200 /* TableBottomBg@2x.png in Resources */,
				BE546A5F150193DC00B9A200 /* TableMiddleBg@2x.png in Resources */,
				BE546A60150193DC00B9A200 /* TableTopBg@2x.png in Resources */,
				BE546A6815019F8F00B9A200 /* iPadBadgeBg.png in Resources */,
				BE546A6A15019FA000B9A200 /* PanelBg@2x.png in Resources */,
				BE23DF0B1509786C00A149C8 /* defaultavatar.png in Resources */,
				BEFC77671513BE2000C10939 /* blackArrow.png in Resources */,
				BEFC77681513BE2000C10939 /* blackArrow@2x.png in Resources */,
				BEFC77691513BE2000C10939 /* blueArrow.png in Resources */,
				BEFC776A1513BE2000C10939 /* blueArrow@2x.png in Resources */,
				BEFC776B1513BE2000C10939 /* grayArrow.png in Resources */,
				BEFC776C1513BE2000C10939 /* grayArrow@2x.png in Resources */,
				BEFC776D1513BE2000C10939 /* whiteArrow.png in Resources */,
				BEFC776E1513BE2000C10939 /* whiteArrow@2x.png in Resources */,
			);
			runOnlyForDeploymentPostprocessing = 0;
		};
		BE60B68914EFA64100CF7151 /* Resources */ = {
			isa = PBXResourcesBuildPhase;
			buildActionMask = 2147483647;
			files = (
				BE60B69814EFA64100CF7151 /* InfoPlist.strings in Resources */,
			);
			runOnlyForDeploymentPostprocessing = 0;
		};
/* End PBXResourcesBuildPhase section */

/* Begin PBXShellScriptBuildPhase section */
		BE60B68A14EFA64100CF7151 /* ShellScript */ = {
			isa = PBXShellScriptBuildPhase;
			buildActionMask = 2147483647;
			files = (
			);
			inputPaths = (
			);
			outputPaths = (
			);
			runOnlyForDeploymentPostprocessing = 0;
			shellPath = /bin/sh;
			shellScript = "# Run the unit tests in this test bundle.\n\"${SYSTEM_DEVELOPER_DIR}/Tools/RunUnitTests\"\n";
		};
/* End PBXShellScriptBuildPhase section */

/* Begin PBXSourcesBuildPhase section */
		BE60B66114EFA64100CF7151 /* Sources */ = {
			isa = PBXSourcesBuildPhase;
			buildActionMask = 2147483647;
			files = (
				BE60B67614EFA64100CF7151 /* main.m in Sources */,
				BE60B67A14EFA64100CF7151 /* AppDelegate.m in Sources */,
				BE60B6A614EFB09100CF7151 /* ProfileViewController.m in Sources */,
				BE60B6AC14EFB0FD00CF7151 /* User.m in Sources */,
				BE60B74814EFBE6000CF7151 /* NSObject+SBJson.m in Sources */,
				BE60B74914EFBE6000CF7151 /* SBJsonParser.m in Sources */,
				BE60B74A14EFBE6000CF7151 /* SBJsonStreamParser.m in Sources */,
				BE60B74B14EFBE6000CF7151 /* SBJsonStreamParserAccumulator.m in Sources */,
				BE60B74C14EFBE6000CF7151 /* SBJsonStreamParserAdapter.m in Sources */,
				BE60B74D14EFBE6000CF7151 /* SBJsonStreamParserState.m in Sources */,
				BE60B74E14EFBE6000CF7151 /* SBJsonStreamWriter.m in Sources */,
				BE60B74F14EFBE6000CF7151 /* SBJsonStreamWriterAccumulator.m in Sources */,
				BE60B75014EFBE6000CF7151 /* SBJsonStreamWriterState.m in Sources */,
				BE60B75114EFBE6000CF7151 /* SBJsonTokeniser.m in Sources */,
				BE60B75214EFBE6000CF7151 /* SBJsonUTF8Stream.m in Sources */,
				BE60B75314EFBE6000CF7151 /* SBJsonWriter.m in Sources */,
				BE60B75614EFC4D500CF7151 /* MasterViewController.m in Sources */,
				BE1C7F7A14F137E800E460AC /* BadgesViewController.m in Sources */,
				BE1C7F8114F17C1B00E460AC /* BadgeCell.m in Sources */,
				BE5663E714F2D5E8002BC157 /* AccomplishmentsViewController.m in Sources */,
				BE5663EA14F2E856002BC157 /* AccomplishmentsCell.m in Sources */,
				BE9E92FD14F463AF00FC3704 /* StatsViewController.m in Sources */,
				BE9E930014F5658500FC3704 /* StatCell.m in Sources */,
				BE73BA1614F8FFAB00220316 /* SettingsViewController.m in Sources */,
				BE886C5114F95249003BC113 /* SearchViewController.m in Sources */,
				BE886C5514F953E0003BC113 /* ClearSearchBar.m in Sources */,
				BEDD01D11500536A006C4C29 /* SearchResultsViewController.m in Sources */,
				BE546A631501967900B9A200 /* BadgesiPadViewController.m in Sources */,
				BE546A6615019A3D00B9A200 /* iPadBadgeCell.m in Sources */,
				BE546A6D15028AE900B9A200 /* SummaryViewController.m in Sources */,
				BE546A7015028B7800B9A200 /* ProfileCell.m in Sources */,
				BE546A731502E81600B9A200 /* iPadAccomplishmentCell.m in Sources */,
				BE546A761502E96700B9A200 /* AccomplishmentsiPadViewController.m in Sources */,
				BE19C3EB15038F6200AAEE5E /* DetailViewController.m in Sources */,
				BE93581A150403AF0059A620 /* DejalActivityView.m in Sources */,
				BEFC77661513BE2000C10939 /* EGORefreshTableHeaderView.m in Sources */,
				BE07C368151DC8CA00CAE177 /* ImageLoader.m in Sources */,
				BE07C373151DDEC500CAE177 /* SDURLCache.m in Sources */,
			);
			runOnlyForDeploymentPostprocessing = 0;
		};
		BE60B68714EFA64100CF7151 /* Sources */ = {
			isa = PBXSourcesBuildPhase;
			buildActionMask = 2147483647;
			files = (
				BE60B69B14EFA64100CF7151 /* CoderwallTests.m in Sources */,
			);
			runOnlyForDeploymentPostprocessing = 0;
		};
/* End PBXSourcesBuildPhase section */

/* Begin PBXTargetDependency section */
		BE60B69214EFA64100CF7151 /* PBXTargetDependency */ = {
			isa = PBXTargetDependency;
			target = BE60B66414EFA64100CF7151 /* Coderwall */;
			targetProxy = BE60B69114EFA64100CF7151 /* PBXContainerItemProxy */;
		};
/* End PBXTargetDependency section */

/* Begin PBXVariantGroup section */
		BE60B67214EFA64100CF7151 /* InfoPlist.strings */ = {
			isa = PBXVariantGroup;
			children = (
				BE60B67314EFA64100CF7151 /* en */,
			);
			name = InfoPlist.strings;
			sourceTree = "<group>";
		};
		BE60B67B14EFA64100CF7151 /* MainStoryboard_iPhone.storyboard */ = {
			isa = PBXVariantGroup;
			children = (
				BE60B67C14EFA64100CF7151 /* en */,
			);
			name = MainStoryboard_iPhone.storyboard;
			path = ..;
			sourceTree = "<group>";
		};
		BE60B67E14EFA64100CF7151 /* MainStoryboard_iPad.storyboard */ = {
			isa = PBXVariantGroup;
			children = (
				BE60B67F14EFA64100CF7151 /* en */,
			);
			name = MainStoryboard_iPad.storyboard;
			path = ..;
			sourceTree = "<group>";
		};
		BE60B69614EFA64100CF7151 /* InfoPlist.strings */ = {
			isa = PBXVariantGroup;
			children = (
				BE60B69714EFA64100CF7151 /* en */,
			);
			name = InfoPlist.strings;
			sourceTree = "<group>";
		};
/* End PBXVariantGroup section */

/* Begin XCBuildConfiguration section */
		BE60B69C14EFA64100CF7151 /* Debug */ = {
			isa = XCBuildConfiguration;
			buildSettings = {
				ALWAYS_SEARCH_USER_PATHS = NO;
				ARCHS = "$(ARCHS_STANDARD_32_BIT)";
				CLANG_ENABLE_OBJC_ARC = YES;
				"CODE_SIGN_IDENTITY[sdk=iphoneos*]" = "iPhone Developer";
				COPY_PHASE_STRIP = NO;
				GCC_C_LANGUAGE_STANDARD = gnu99;
				GCC_DYNAMIC_NO_PIC = NO;
				GCC_OPTIMIZATION_LEVEL = 0;
				GCC_PREPROCESSOR_DEFINITIONS = (
					"DEBUG=1",
					"$(inherited)",
				);
				GCC_SYMBOLS_PRIVATE_EXTERN = NO;
				GCC_VERSION = com.apple.compilers.llvm.clang.1_0;
				GCC_WARN_ABOUT_RETURN_TYPE = YES;
				GCC_WARN_UNINITIALIZED_AUTOS = YES;
				GCC_WARN_UNUSED_VARIABLE = YES;
				IPHONEOS_DEPLOYMENT_TARGET = 5.0;
				SDKROOT = iphoneos;
				TARGETED_DEVICE_FAMILY = "1,2";
			};
			name = Debug;
		};
		BE60B69D14EFA64100CF7151 /* Release */ = {
			isa = XCBuildConfiguration;
			buildSettings = {
				ALWAYS_SEARCH_USER_PATHS = NO;
				ARCHS = "$(ARCHS_STANDARD_32_BIT)";
				CLANG_ENABLE_OBJC_ARC = YES;
				"CODE_SIGN_IDENTITY[sdk=iphoneos*]" = "iPhone Developer";
				COPY_PHASE_STRIP = YES;
				GCC_C_LANGUAGE_STANDARD = gnu99;
				GCC_VERSION = com.apple.compilers.llvm.clang.1_0;
				GCC_WARN_ABOUT_RETURN_TYPE = YES;
				GCC_WARN_UNINITIALIZED_AUTOS = YES;
				GCC_WARN_UNUSED_VARIABLE = YES;
				IPHONEOS_DEPLOYMENT_TARGET = 5.0;
				OTHER_CFLAGS = "-DNS_BLOCK_ASSERTIONS=1";
				SDKROOT = iphoneos;
				TARGETED_DEVICE_FAMILY = "1,2";
				VALIDATE_PRODUCT = YES;
			};
			name = Release;
		};
		BE60B69F14EFA64100CF7151 /* Debug */ = {
			isa = XCBuildConfiguration;
			buildSettings = {
				GCC_PRECOMPILE_PREFIX_HEADER = YES;
				GCC_PREFIX_HEADER = "Coderwall/Coderwall-Prefix.pch";
				INFOPLIST_FILE = "Coderwall/Coderwall-Info.plist";
				PRODUCT_NAME = "$(TARGET_NAME)";
				WRAPPER_EXTENSION = app;
			};
			name = Debug;
		};
		BE60B6A014EFA64100CF7151 /* Release */ = {
			isa = XCBuildConfiguration;
			buildSettings = {
				GCC_PRECOMPILE_PREFIX_HEADER = YES;
				GCC_PREFIX_HEADER = "Coderwall/Coderwall-Prefix.pch";
				INFOPLIST_FILE = "Coderwall/Coderwall-Info.plist";
				PRODUCT_NAME = "$(TARGET_NAME)";
				WRAPPER_EXTENSION = app;
			};
			name = Release;
		};
		BE60B6A214EFA64100CF7151 /* Debug */ = {
			isa = XCBuildConfiguration;
			buildSettings = {
				BUNDLE_LOADER = "$(BUILT_PRODUCTS_DIR)/Coderwall.app/Coderwall";
				FRAMEWORK_SEARCH_PATHS = (
					"$(SDKROOT)/Developer/Library/Frameworks",
					"$(DEVELOPER_LIBRARY_DIR)/Frameworks",
				);
				GCC_PRECOMPILE_PREFIX_HEADER = YES;
				GCC_PREFIX_HEADER = "Coderwall/Coderwall-Prefix.pch";
				INFOPLIST_FILE = "CoderwallTests/CoderwallTests-Info.plist";
				PRODUCT_NAME = "$(TARGET_NAME)";
				TEST_HOST = "$(BUNDLE_LOADER)";
				WRAPPER_EXTENSION = octest;
			};
			name = Debug;
		};
		BE60B6A314EFA64100CF7151 /* Release */ = {
			isa = XCBuildConfiguration;
			buildSettings = {
				BUNDLE_LOADER = "$(BUILT_PRODUCTS_DIR)/Coderwall.app/Coderwall";
				FRAMEWORK_SEARCH_PATHS = (
					"$(SDKROOT)/Developer/Library/Frameworks",
					"$(DEVELOPER_LIBRARY_DIR)/Frameworks",
				);
				GCC_PRECOMPILE_PREFIX_HEADER = YES;
				GCC_PREFIX_HEADER = "Coderwall/Coderwall-Prefix.pch";
				INFOPLIST_FILE = "CoderwallTests/CoderwallTests-Info.plist";
				PRODUCT_NAME = "$(TARGET_NAME)";
				TEST_HOST = "$(BUNDLE_LOADER)";
				WRAPPER_EXTENSION = octest;
			};
			name = Release;
		};
/* End XCBuildConfiguration section */

/* Begin XCConfigurationList section */
		BE60B65F14EFA64000CF7151 /* Build configuration list for PBXProject "Coderwall" */ = {
			isa = XCConfigurationList;
			buildConfigurations = (
				BE60B69C14EFA64100CF7151 /* Debug */,
				BE60B69D14EFA64100CF7151 /* Release */,
			);
			defaultConfigurationIsVisible = 0;
			defaultConfigurationName = Release;
		};
		BE60B69E14EFA64100CF7151 /* Build configuration list for PBXNativeTarget "Coderwall" */ = {
			isa = XCConfigurationList;
			buildConfigurations = (
				BE60B69F14EFA64100CF7151 /* Debug */,
				BE60B6A014EFA64100CF7151 /* Release */,
			);
			defaultConfigurationIsVisible = 0;
			defaultConfigurationName = Release;
		};
		BE60B6A114EFA64100CF7151 /* Build configuration list for PBXNativeTarget "CoderwallTests" */ = {
			isa = XCConfigurationList;
			buildConfigurations = (
				BE60B6A214EFA64100CF7151 /* Debug */,
				BE60B6A314EFA64100CF7151 /* Release */,
			);
			defaultConfigurationIsVisible = 0;
			defaultConfigurationName = Release;
		};
/* End XCConfigurationList section */
	};
	rootObject = BE60B65C14EFA64000CF7151 /* Project object */;
}
